
Microsoft Visual Studio Solution File, Format Version 12.00
# Visual Studio Version 17
VisualStudioVersion = 17.6.33723.286
MinimumVisualStudioVersion = 10.0.40219.1
Project("{FAE04EC0-301F-11D3-BF4B-00C04F79EFBC}") = "KeenOnLearning.API", "KeenOnLearning.API.csproj", "{75F248EF-C2A7-48B0-B0E2-FF86A7F27551}"
EndProject
Global
	GlobalSection(SolutionConfigurationPlatforms) = preSolution
		Debug|Any CPU = Debug|Any CPU
		Release|Any CPU = Release|Any CPU
	EndGlobalSection
	GlobalSection(ProjectConfigurationPlatforms) = postSolution
		{75F248EF-C2A7-48B0-B0E2-FF86A7F27551}.Debug|Any CPU.ActiveCfg = Debug|Any CPU
		{75F248EF-C2A7-48B0-B0E2-FF86A7F27551}.Debug|Any CPU.Build.0 = Debug|Any CPU
		{75F248EF-C2A7-48B0-B0E2-FF86A7F27551}.Release|Any CPU.ActiveCfg = Release|Any CPU
		{75F248EF-C2A7-48B0-B0E2-FF86A7F27551}.Release|Any CPU.Build.0 = Release|Any CPU
	EndGlobalSection
	GlobalSection(SolutionProperties) = preSolution
		HideSolutionNode = FALSE
	EndGlobalSection
	GlobalSection(ExtensibilityGlobals) = postSolution
		SolutionGuid = {45D26585-4235-4681-969E-FECD1F45FD90}
	EndGlobalSection
EndGlobal
